
Microsoft Visual Studio Solution File, Format Version 12.00
# Visual Studio Version 16
VisualStudioVersion = 25.0.1706.13
MinimumVisualStudioVersion = 10.0.40219.1
Project("{FAE04EC0-301F-11D3-BF4B-00C04F79EFBC}") = "Factory_Method_Design_Pattern", "Factory_Method_Design_Pattern\Factory_Method_Design_Pattern.csproj", "{8D14F7B5-3F6D-45A6-A880-BFA3A8D8D68A}"
EndProject
Project("{FAE04EC0-301F-11D3-BF4B-00C04F79EFBC}") = "Factory_Method_Design_Pattern_Prac2", "Factory_Method_Design_Pattern_Prac2\Factory_Method_Design_Pattern_Prac2.csproj", "{D1AD6648-77FF-415C-A97E-AABC0B99D0A7}"
EndProject
Project("{FAE04EC0-301F-11D3-BF4B-00C04F79EFBC}") = "Factory_Design_Pattern", "Factory_Design_Pattern\Factory_Design_Pattern.csproj", "{A75E3AF1-BA24-4FB9-A9EA-225621471D6C}"
EndProject
Project("{FAE04EC0-301F-11D3-BF4B-00C04F79EFBC}") = "Abstract_Factory_Design_Pattern", "Abstract_Factory_Design_Pattern\Abstract_Factory_Design_Pattern.csproj", "{0EE4A016-8490-4831-A0FC-F03F80212705}"
EndProject
Project("{FAE04EC0-301F-11D3-BF4B-00C04F79EFBC}") = "Abstract_Factory_Design_Pattern_CSharp_Example", "Abstract_Factory_Design_Pattern_CSharp_Example\Abstract_Factory_Design_Pattern_CSharp_Example.csproj", "{46030F6E-722F-4A36-9D50-11DF45D1FFCC}"
EndProject
Project("{FAE04EC0-301F-11D3-BF4B-00C04F79EFBC}") = "Abstract_Factory_Design_Pattern_CSharp_Example_2", "Abstract_Factory_Design_Pattern_CSharp_Example_2\Abstract_Factory_Design_Pattern_CSharp_Example_2.csproj", "{78230D1D-2340-4FB7-AF78-70AD8D37C0BE}"
EndProject
Project("{FAE04EC0-301F-11D3-BF4B-00C04F79EFBC}") = "Prototype_Design_Pattern", "Prototype_Design_Pattern\Prototype_Design_Pattern.csproj", "{DA267118-E2DB-498D-A4F0-4DD82D28DB6B}"
EndProject
Project("{FAE04EC0-301F-11D3-BF4B-00C04F79EFBC}") = "Prototype_Design_Pattern_Prac2", "Prototype_Design_Pattern_Prac2\Prototype_Design_Pattern_Prac2.csproj", "{F7C89BAA-00A4-4D15-B5A5-64D2B658571E}"
EndProject
Project("{FAE04EC0-301F-11D3-BF4B-00C04F79EFBC}") = "Singleton_Design_Pattern", "Singleton_Design_Pattern\Singleton_Design_Pattern.csproj", "{D387315F-1F98-4769-8445-B39BE7025A02}"
EndProject
Project("{FAE04EC0-301F-11D3-BF4B-00C04F79EFBC}") = "Object_Pool_Design_Pattern", "Object_Pool_Design_Pattern\Object_Pool_Design_Pattern.csproj", "{EAC7B142-6C35-4BF5-9259-917F8F278914}"
EndProject
Project("{FAE04EC0-301F-11D3-BF4B-00C04F79EFBC}") = "Object_Pool_Design_Pattern_Prac2", "Object_Pool_Design_Pattern_Prac2\Object_Pool_Design_Pattern_Prac2.csproj", "{FE939DEF-701F-443A-90DD-286BA37C085E}"
EndProject
Project("{FAE04EC0-301F-11D3-BF4B-00C04F79EFBC}") = "Object_Pool_Design_Pattern_Prac3", "Object_Pool_Design_Pattern_Prac3\Object_Pool_Design_Pattern_Prac3.csproj", "{18327051-05C7-4829-9606-1F8895BF3A76}"
EndProject
Project("{FAE04EC0-301F-11D3-BF4B-00C04F79EFBC}") = "Object_Pool_Design_Pattern_Prac4", "Object_Pool_Design_Pattern_Prac4\Object_Pool_Design_Pattern_Prac4.csproj", "{D3BBB81E-9213-4201-BBD5-DCEAAAA8D3AB}"
EndProject
Project("{FAE04EC0-301F-11D3-BF4B-00C04F79EFBC}") = "Object_Pool_Design_Pattern_CSharp_Example", "Object_Pool_Design_Pattern_CSharp_Example\Object_Pool_Design_Pattern_CSharp_Example.csproj", "{D8A1DFF9-9D4B-4765-AAE2-AB09AA2A4549}"
EndProject
Global
	GlobalSection(SolutionConfigurationPlatforms) = preSolution
		Debug|Any CPU = Debug|Any CPU
		Release|Any CPU = Release|Any CPU
	EndGlobalSection
	GlobalSection(ProjectConfigurationPlatforms) = postSolution
		{8D14F7B5-3F6D-45A6-A880-BFA3A8D8D68A}.Debug|Any CPU.ActiveCfg = Debug|Any CPU
		{8D14F7B5-3F6D-45A6-A880-BFA3A8D8D68A}.Debug|Any CPU.Build.0 = Debug|Any CPU
		{8D14F7B5-3F6D-45A6-A880-BFA3A8D8D68A}.Release|Any CPU.ActiveCfg = Release|Any CPU
		{8D14F7B5-3F6D-45A6-A880-BFA3A8D8D68A}.Release|Any CPU.Build.0 = Release|Any CPU
		{D1AD6648-77FF-415C-A97E-AABC0B99D0A7}.Debug|Any CPU.ActiveCfg = Debug|Any CPU
		{D1AD6648-77FF-415C-A97E-AABC0B99D0A7}.Debug|Any CPU.Build.0 = Debug|Any CPU
		{D1AD6648-77FF-415C-A97E-AABC0B99D0A7}.Release|Any CPU.ActiveCfg = Release|Any CPU
		{D1AD6648-77FF-415C-A97E-AABC0B99D0A7}.Release|Any CPU.Build.0 = Release|Any CPU
		{A75E3AF1-BA24-4FB9-A9EA-225621471D6C}.Debug|Any CPU.ActiveCfg = Debug|Any CPU
		{A75E3AF1-BA24-4FB9-A9EA-225621471D6C}.Debug|Any CPU.Build.0 = Debug|Any CPU
		{A75E3AF1-BA24-4FB9-A9EA-225621471D6C}.Release|Any CPU.ActiveCfg = Release|Any CPU
		{A75E3AF1-BA24-4FB9-A9EA-225621471D6C}.Release|Any CPU.Build.0 = Release|Any CPU
		{0EE4A016-8490-4831-A0FC-F03F80212705}.Debug|Any CPU.ActiveCfg = Debug|Any CPU
		{0EE4A016-8490-4831-A0FC-F03F80212705}.Debug|Any CPU.Build.0 = Debug|Any CPU
		{0EE4A016-8490-4831-A0FC-F03F80212705}.Release|Any CPU.ActiveCfg = Release|Any CPU
		{0EE4A016-8490-4831-A0FC-F03F80212705}.Release|Any CPU.Build.0 = Release|Any CPU
		{46030F6E-722F-4A36-9D50-11DF45D1FFCC}.Debug|Any CPU.ActiveCfg = Debug|Any CPU
		{46030F6E-722F-4A36-9D50-11DF45D1FFCC}.Debug|Any CPU.Build.0 = Debug|Any CPU
		{46030F6E-722F-4A36-9D50-11DF45D1FFCC}.Release|Any CPU.ActiveCfg = Release|Any CPU
		{46030F6E-722F-4A36-9D50-11DF45D1FFCC}.Release|Any CPU.Build.0 = Release|Any CPU
		{78230D1D-2340-4FB7-AF78-70AD8D37C0BE}.Debug|Any CPU.ActiveCfg = Debug|Any CPU
		{78230D1D-2340-4FB7-AF78-70AD8D37C0BE}.Debug|Any CPU.Build.0 = Debug|Any CPU
		{78230D1D-2340-4FB7-AF78-70AD8D37C0BE}.Release|Any CPU.ActiveCfg = Release|Any CPU
		{78230D1D-2340-4FB7-AF78-70AD8D37C0BE}.Release|Any CPU.Build.0 = Release|Any CPU
		{DA267118-E2DB-498D-A4F0-4DD82D28DB6B}.Debug|Any CPU.ActiveCfg = Debug|Any CPU
		{DA267118-E2DB-498D-A4F0-4DD82D28DB6B}.Debug|Any CPU.Build.0 = Debug|Any CPU
		{DA267118-E2DB-498D-A4F0-4DD82D28DB6B}.Release|Any CPU.ActiveCfg = Release|Any CPU
		{DA267118-E2DB-498D-A4F0-4DD82D28DB6B}.Release|Any CPU.Build.0 = Release|Any CPU
		{F7C89BAA-00A4-4D15-B5A5-64D2B658571E}.Debug|Any CPU.ActiveCfg = Debug|Any CPU
		{F7C89BAA-00A4-4D15-B5A5-64D2B658571E}.Debug|Any CPU.Build.0 = Debug|Any CPU
		{F7C89BAA-00A4-4D15-B5A5-64D2B658571E}.Release|Any CPU.ActiveCfg = Release|Any CPU
		{F7C89BAA-00A4-4D15-B5A5-64D2B658571E}.Release|Any CPU.Build.0 = Release|Any CPU
		{D387315F-1F98-4769-8445-B39BE7025A02}.Debug|Any CPU.ActiveCfg = Debug|Any CPU
		{D387315F-1F98-4769-8445-B39BE7025A02}.Debug|Any CPU.Build.0 = Debug|Any CPU
		{D387315F-1F98-4769-8445-B39BE7025A02}.Release|Any CPU.ActiveCfg = Release|Any CPU
		{D387315F-1F98-4769-8445-B39BE7025A02}.Release|Any CPU.Build.0 = Release|Any CPU
		{EAC7B142-6C35-4BF5-9259-917F8F278914}.Debug|Any CPU.ActiveCfg = Debug|Any CPU
		{EAC7B142-6C35-4BF5-9259-917F8F278914}.Debug|Any CPU.Build.0 = Debug|Any CPU
		{EAC7B142-6C35-4BF5-9259-917F8F278914}.Release|Any CPU.ActiveCfg = Release|Any CPU
		{EAC7B142-6C35-4BF5-9259-917F8F278914}.Release|Any CPU.Build.0 = Release|Any CPU
		{FE939DEF-701F-443A-90DD-286BA37C085E}.Debug|Any CPU.ActiveCfg = Debug|Any CPU
		{FE939DEF-701F-443A-90DD-286BA37C085E}.Debug|Any CPU.Build.0 = Debug|Any CPU
		{FE939DEF-701F-443A-90DD-286BA37C085E}.Release|Any CPU.ActiveCfg = Release|Any CPU
		{FE939DEF-701F-443A-90DD-286BA37C085E}.Release|Any CPU.Build.0 = Release|Any CPU
		{18327051-05C7-4829-9606-1F8895BF3A76}.Debug|Any CPU.ActiveCfg = Debug|Any CPU
		{18327051-05C7-4829-9606-1F8895BF3A76}.Debug|Any CPU.Build.0 = Debug|Any CPU
		{18327051-05C7-4829-9606-1F8895BF3A76}.Release|Any CPU.ActiveCfg = Release|Any CPU
		{18327051-05C7-4829-9606-1F8895BF3A76}.Release|Any CPU.Build.0 = Release|Any CPU
		{D3BBB81E-9213-4201-BBD5-DCEAAAA8D3AB}.Debug|Any CPU.ActiveCfg = Debug|Any CPU
		{D3BBB81E-9213-4201-BBD5-DCEAAAA8D3AB}.Debug|Any CPU.Build.0 = Debug|Any CPU
		{D3BBB81E-9213-4201-BBD5-DCEAAAA8D3AB}.Release|Any CPU.ActiveCfg = Release|Any CPU
		{D3BBB81E-9213-4201-BBD5-DCEAAAA8D3AB}.Release|Any CPU.Build.0 = Release|Any CPU
		{D8A1DFF9-9D4B-4765-AAE2-AB09AA2A4549}.Debug|Any CPU.ActiveCfg = Debug|Any CPU
		{D8A1DFF9-9D4B-4765-AAE2-AB09AA2A4549}.Debug|Any CPU.Build.0 = Debug|Any CPU
		{D8A1DFF9-9D4B-4765-AAE2-AB09AA2A4549}.Release|Any CPU.ActiveCfg = Release|Any CPU
		{D8A1DFF9-9D4B-4765-AAE2-AB09AA2A4549}.Release|Any CPU.Build.0 = Release|Any CPU
	EndGlobalSection
	GlobalSection(SolutionProperties) = preSolution
		HideSolutionNode = FALSE
	EndGlobalSection
	GlobalSection(ExtensibilityGlobals) = postSolution
		SolutionGuid = {7C1ADDA0-08ED-497C-B585-E5568F5CCD1D}
	EndGlobalSection
EndGlobal
